
Microsoft Visual Studio Solution File, Format Version 12.00
# Visual Studio Version 16
VisualStudioVersion = 16.0.31613.86
MinimumVisualStudioVersion = 10.0.40219.1
Project("{FAE04EC0-301F-11D3-BF4B-00C04F79EFBC}") = "MoreAboutVariables8", "MoreAboutVariables8.csproj", "{D1F89A0D-9C62-400E-9D56-D5A1661E206D}"
EndProject
Global
	GlobalSection(SolutionConfigurationPlatforms) = preSolution
		Debug|Any CPU = Debug|Any CPU
		Release|Any CPU = Release|Any CPU
	EndGlobalSection
	GlobalSection(ProjectConfigurationPlatforms) = postSolution
		{D1F89A0D-9C62-400E-9D56-D5A1661E206D}.Debug|Any CPU.ActiveCfg = Debug|Any CPU
		{D1F89A0D-9C62-400E-9D56-D5A1661E206D}.Debug|Any CPU.Build.0 = Debug|Any CPU
		{D1F89A0D-9C62-400E-9D56-D5A1661E206D}.Release|Any CPU.ActiveCfg = Release|Any CPU
		{D1F89A0D-9C62-400E-9D56-D5A1661E206D}.Release|Any CPU.Build.0 = Release|Any CPU
	EndGlobalSection
	GlobalSection(SolutionProperties) = preSolution
		HideSolutionNode = FALSE
	EndGlobalSection
	GlobalSection(ExtensibilityGlobals) = postSolution
		SolutionGuid = {191FD158-C56A-42E6-AF1C-1A91BCF33964}
	EndGlobalSection
EndGlobal
